
Microsoft Visual Studio Solution File, Format Version 12.00
# Visual Studio Version 16
VisualStudioVersion = 16.0.30204.135
MinimumVisualStudioVersion = 10.0.40219.1
Project("{9A19103F-16F7-4668-BE54-9A1E7A4F7556}") = "Automated.Arca.Abstractions.Core", "Automated.Arca.Abstractions.Core\Automated.Arca.Abstractions.Core.csproj", "{FAFC1165-AC25-44CF-90F9-B1C68323A74D}"
EndProject
Project("{9A19103F-16F7-4668-BE54-9A1E7A4F7556}") = "Automated.Arca.Libraries", "Automated.Arca.Libraries\Automated.Arca.Libraries.csproj", "{18B7D7F7-B2E7-40A2-98C3-B68A54E160D7}"
EndProject
Project("{9A19103F-16F7-4668-BE54-9A1E7A4F7556}") = "Automated.Arca.Abstractions.Specialized", "Automated.Arca.Abstractions.Specialized\Automated.Arca.Abstractions.Specialized.csproj", "{1DCB02B6-B9C3-45DF-84FA-09ACF8C61C40}"
EndProject
Project("{9A19103F-16F7-4668-BE54-9A1E7A4F7556}") = "Automated.Arca.Attributes.DependencyInjection", "Automated.Arca.Attributes.DependencyInjection\Automated.Arca.Attributes.DependencyInjection.csproj", "{8E01DC66-952E-4FE0-A9E0-BDA9E1CCC026}"
EndProject
Project("{9A19103F-16F7-4668-BE54-9A1E7A4F7556}") = "Automated.Arca.Attributes.Specialized", "Automated.Arca.Attributes.Specialized\Automated.Arca.Attributes.Specialized.csproj", "{3877B694-88D9-448F-90EF-55244D225993}"
EndProject
Project("{9A19103F-16F7-4668-BE54-9A1E7A4F7556}") = "Automated.Arca.Extensions.DependencyInjection", "Automated.Arca.Extensions.DependencyInjection\Automated.Arca.Extensions.DependencyInjection.csproj", "{B83B9609-BE84-45C1-9FDB-22CDAF72F18C}"
EndProject
Project("{9A19103F-16F7-4668-BE54-9A1E7A4F7556}") = "Automated.Arca.Extensions.Specialized", "Automated.Arca.Extensions.Specialized\Automated.Arca.Extensions.Specialized.csproj", "{DF4C595D-E086-4194-9081-6E6A28B7C521}"
EndProject
Project("{9A19103F-16F7-4668-BE54-9A1E7A4F7556}") = "Automated.Arca.Manager", "Automated.Arca.Manager\Automated.Arca.Manager.csproj", "{F8B384CF-5067-4D90-9FE6-3E328D70C4DB}"
EndProject
Project("{9A19103F-16F7-4668-BE54-9A1E7A4F7556}") = "Automated.Arca.Tests", "Automated.Arca.Tests\Automated.Arca.Tests.csproj", "{F5E5D6D2-BF37-4E92-904B-09BC7BA9CBD8}"
EndProject
Project("{2150E333-8FDC-42A3-9474-1A3956D46DE8}") = "Solution Items", "Solution Items", "{D21FEE7C-D2E1-4601-B344-53357F03038D}"
	ProjectSection(SolutionItems) = preProject
		README.md = README.md
	EndProjectSection
EndProject
Project("{9A19103F-16F7-4668-BE54-9A1E7A4F7556}") = "Automated.Arca.Implementations.ForMicrosoft", "Automated.Arca.Implementations.ForMicrosoft\Automated.Arca.Implementations.ForMicrosoft.csproj", "{A93943BF-ACE2-4F24-855E-5EF1329402D4}"
EndProject
Project("{9A19103F-16F7-4668-BE54-9A1E7A4F7556}") = "Automated.Arca.Abstractions.DependencyInjection", "Automated.Arca.Abstractions.DependencyInjection\Automated.Arca.Abstractions.DependencyInjection.csproj", "{74F2E795-4367-4984-A904-9E145A46D39B}"
EndProject
Project("{9A19103F-16F7-4668-BE54-9A1E7A4F7556}") = "Tests.DummyAssembly", "Tests.DummyAssembly\Tests.DummyAssembly.csproj", "{AF7F52C9-4C0D-42A1-AFC0-18D8701C692C}"
EndProject
Global
	GlobalSection(SolutionConfigurationPlatforms) = preSolution
		Debug|Any CPU = Debug|Any CPU
		Release|Any CPU = Release|Any CPU
	EndGlobalSection
	GlobalSection(ProjectConfigurationPlatforms) = postSolution
		{FAFC1165-AC25-44CF-90F9-B1C68323A74D}.Debug|Any CPU.ActiveCfg = Debug|Any CPU
		{FAFC1165-AC25-44CF-90F9-B1C68323A74D}.Debug|Any CPU.Build.0 = Debug|Any CPU
		{FAFC1165-AC25-44CF-90F9-B1C68323A74D}.Release|Any CPU.ActiveCfg = Release|Any CPU
		{FAFC1165-AC25-44CF-90F9-B1C68323A74D}.Release|Any CPU.Build.0 = Release|Any CPU
		{18B7D7F7-B2E7-40A2-98C3-B68A54E160D7}.Debug|Any CPU.ActiveCfg = Debug|Any CPU
		{18B7D7F7-B2E7-40A2-98C3-B68A54E160D7}.Debug|Any CPU.Build.0 = Debug|Any CPU
		{18B7D7F7-B2E7-40A2-98C3-B68A54E160D7}.Release|Any CPU.ActiveCfg = Release|Any CPU
		{18B7D7F7-B2E7-40A2-98C3-B68A54E160D7}.Release|Any CPU.Build.0 = Release|Any CPU
		{1DCB02B6-B9C3-45DF-84FA-09ACF8C61C40}.Debug|Any CPU.ActiveCfg = Debug|Any CPU
		{1DCB02B6-B9C3-45DF-84FA-09ACF8C61C40}.Debug|Any CPU.Build.0 = Debug|Any CPU
		{1DCB02B6-B9C3-45DF-84FA-09ACF8C61C40}.Release|Any CPU.ActiveCfg = Release|Any CPU
		{1DCB02B6-B9C3-45DF-84FA-09ACF8C61C40}.Release|Any CPU.Build.0 = Release|Any CPU
		{8E01DC66-952E-4FE0-A9E0-BDA9E1CCC026}.Debug|Any CPU.ActiveCfg = Debug|Any CPU
		{8E01DC66-952E-4FE0-A9E0-BDA9E1CCC026}.Debug|Any CPU.Build.0 = Debug|Any CPU
		{8E01DC66-952E-4FE0-A9E0-BDA9E1CCC026}.Release|Any CPU.ActiveCfg = Release|Any CPU
		{8E01DC66-952E-4FE0-A9E0-BDA9E1CCC026}.Release|Any CPU.Build.0 = Release|Any CPU
		{3877B694-88D9-448F-90EF-55244D225993}.Debug|Any CPU.ActiveCfg = Debug|Any CPU
		{3877B694-88D9-448F-90EF-55244D225993}.Debug|Any CPU.Build.0 = Debug|Any CPU
		{3877B694-88D9-448F-90EF-55244D225993}.Release|Any CPU.ActiveCfg = Release|Any CPU
		{3877B694-88D9-448F-90EF-55244D225993}.Release|Any CPU.Build.0 = Release|Any CPU
		{B83B9609-BE84-45C1-9FDB-22CDAF72F18C}.Debug|Any CPU.ActiveCfg = Debug|Any CPU
		{B83B9609-BE84-45C1-9FDB-22CDAF72F18C}.Debug|Any CPU.Build.0 = Debug|Any CPU
		{B83B9609-BE84-45C1-9FDB-22CDAF72F18C}.Release|Any CPU.ActiveCfg = Release|Any CPU
		{B83B9609-BE84-45C1-9FDB-22CDAF72F18C}.Release|Any CPU.Build.0 = Release|Any CPU
		{DF4C595D-E086-4194-9081-6E6A28B7C521}.Debug|Any CPU.ActiveCfg = Debug|Any CPU
		{DF4C595D-E086-4194-9081-6E6A28B7C521}.Debug|Any CPU.Build.0 = Debug|Any CPU
		{DF4C595D-E086-4194-9081-6E6A28B7C521}.Release|Any CPU.ActiveCfg = Release|Any CPU
		{DF4C595D-E086-4194-9081-6E6A28B7C521}.Release|Any CPU.Build.0 = Release|Any CPU
		{F8B384CF-5067-4D90-9FE6-3E328D70C4DB}.Debug|Any CPU.ActiveCfg = Debug|Any CPU
		{F8B384CF-5067-4D90-9FE6-3E328D70C4DB}.Debug|Any CPU.Build.0 = Debug|Any CPU
		{F8B384CF-5067-4D90-9FE6-3E328D70C4DB}.Release|Any CPU.ActiveCfg = Release|Any CPU
		{F8B384CF-5067-4D90-9FE6-3E328D70C4DB}.Release|Any CPU.Build.0 = Release|Any CPU
		{F5E5D6D2-BF37-4E92-904B-09BC7BA9CBD8}.Debug|Any CPU.ActiveCfg = Debug|Any CPU
		{F5E5D6D2-BF37-4E92-904B-09BC7BA9CBD8}.Debug|Any CPU.Build.0 = Debug|Any CPU
		{F5E5D6D2-BF37-4E92-904B-09BC7BA9CBD8}.Release|Any CPU.ActiveCfg = Release|Any CPU
		{F5E5D6D2-BF37-4E92-904B-09BC7BA9CBD8}.Release|Any CPU.Build.0 = Release|Any CPU
		{A93943BF-ACE2-4F24-855E-5EF1329402D4}.Debug|Any CPU.ActiveCfg = Debug|Any CPU
		{A93943BF-ACE2-4F24-855E-5EF1329402D4}.Debug|Any CPU.Build.0 = Debug|Any CPU
		{A93943BF-ACE2-4F24-855E-5EF1329402D4}.Release|Any CPU.ActiveCfg = Release|Any CPU
		{A93943BF-ACE2-4F24-855E-5EF1329402D4}.Release|Any CPU.Build.0 = Release|Any CPU
		{74F2E795-4367-4984-A904-9E145A46D39B}.Debug|Any CPU.ActiveCfg = Debug|Any CPU
		{74F2E795-4367-4984-A904-9E145A46D39B}.Debug|Any CPU.Build.0 = Debug|Any CPU
		{74F2E795-4367-4984-A904-9E145A46D39B}.Release|Any CPU.ActiveCfg = Release|Any CPU
		{74F2E795-4367-4984-A904-9E145A46D39B}.Release|Any CPU.Build.0 = Release|Any CPU
		{AF7F52C9-4C0D-42A1-AFC0-18D8701C692C}.Debug|Any CPU.ActiveCfg = Debug|Any CPU
		{AF7F52C9-4C0D-42A1-AFC0-18D8701C692C}.Debug|Any CPU.Build.0 = Debug|Any CPU
		{AF7F52C9-4C0D-42A1-AFC0-18D8701C692C}.Release|Any CPU.ActiveCfg = Release|Any CPU
		{AF7F52C9-4C0D-42A1-AFC0-18D8701C692C}.Release|Any CPU.Build.0 = Release|Any CPU
	EndGlobalSection
	GlobalSection(SolutionProperties) = preSolution
		HideSolutionNode = FALSE
	EndGlobalSection
	GlobalSection(ExtensibilityGlobals) = postSolution
		SolutionGuid = {321E5C27-EAD1-41C7-BEC8-2AC8831F7D57}
	EndGlobalSection
EndGlobal
